
Microsoft Visual Studio Solution File, Format Version 12.00
# Visual Studio Version 16
VisualStudioVersion = 16.0.31702.278
MinimumVisualStudioVersion = 10.0.40219.1
Project("{9A19103F-16F7-4668-BE54-9A1E7A4F7556}") = "FileHelper", "FileHelper\FileHelper.csproj", "{7ED8CAEE-4C6B-488A-B0CE-06CE0601F1FF}"
EndProject
Project("{9A19103F-16F7-4668-BE54-9A1E7A4F7556}") = "ContactManager", "ContactManager\ContactManager.csproj", "{95F3BDBD-AABB-4207-A907-A1D9497B23E8}"
EndProject
Project("{9A19103F-16F7-4668-BE54-9A1E7A4F7556}") = "GestioneContatti", "GestioneContatti\GestioneContatti.csproj", "{5F14FB09-C94A-4947-AA21-0D9A0492EC70}"
EndProject
Project("{9A19103F-16F7-4668-BE54-9A1E7A4F7556}") = "Handlaer", "HandlaerContatti\Handlaer.csproj", "{C2A8E5BE-5469-44AF-A6D3-F58BBB5BDA4C}"
EndProject
Project("{FAE04EC0-301F-11D3-BF4B-00C04F79EFBC}") = "Esecutore", "Esecutore\Esecutore.csproj", "{B68BDD22-90F6-4CBC-89C5-10CC02FF21F7}"
EndProject
Global
	GlobalSection(SolutionConfigurationPlatforms) = preSolution
		Debug|Any CPU = Debug|Any CPU
		Release|Any CPU = Release|Any CPU
	EndGlobalSection
	GlobalSection(ProjectConfigurationPlatforms) = postSolution
		{7ED8CAEE-4C6B-488A-B0CE-06CE0601F1FF}.Debug|Any CPU.ActiveCfg = Debug|Any CPU
		{7ED8CAEE-4C6B-488A-B0CE-06CE0601F1FF}.Debug|Any CPU.Build.0 = Debug|Any CPU
		{7ED8CAEE-4C6B-488A-B0CE-06CE0601F1FF}.Release|Any CPU.ActiveCfg = Release|Any CPU
		{7ED8CAEE-4C6B-488A-B0CE-06CE0601F1FF}.Release|Any CPU.Build.0 = Release|Any CPU
		{95F3BDBD-AABB-4207-A907-A1D9497B23E8}.Debug|Any CPU.ActiveCfg = Debug|Any CPU
		{95F3BDBD-AABB-4207-A907-A1D9497B23E8}.Debug|Any CPU.Build.0 = Debug|Any CPU
		{95F3BDBD-AABB-4207-A907-A1D9497B23E8}.Release|Any CPU.ActiveCfg = Release|Any CPU
		{95F3BDBD-AABB-4207-A907-A1D9497B23E8}.Release|Any CPU.Build.0 = Release|Any CPU
		{5F14FB09-C94A-4947-AA21-0D9A0492EC70}.Debug|Any CPU.ActiveCfg = Debug|Any CPU
		{5F14FB09-C94A-4947-AA21-0D9A0492EC70}.Debug|Any CPU.Build.0 = Debug|Any CPU
		{5F14FB09-C94A-4947-AA21-0D9A0492EC70}.Release|Any CPU.ActiveCfg = Release|Any CPU
		{5F14FB09-C94A-4947-AA21-0D9A0492EC70}.Release|Any CPU.Build.0 = Release|Any CPU
		{C2A8E5BE-5469-44AF-A6D3-F58BBB5BDA4C}.Debug|Any CPU.ActiveCfg = Debug|Any CPU
		{C2A8E5BE-5469-44AF-A6D3-F58BBB5BDA4C}.Debug|Any CPU.Build.0 = Debug|Any CPU
		{C2A8E5BE-5469-44AF-A6D3-F58BBB5BDA4C}.Release|Any CPU.ActiveCfg = Release|Any CPU
		{C2A8E5BE-5469-44AF-A6D3-F58BBB5BDA4C}.Release|Any CPU.Build.0 = Release|Any CPU
		{B68BDD22-90F6-4CBC-89C5-10CC02FF21F7}.Debug|Any CPU.ActiveCfg = Debug|Any CPU
		{B68BDD22-90F6-4CBC-89C5-10CC02FF21F7}.Debug|Any CPU.Build.0 = Debug|Any CPU
		{B68BDD22-90F6-4CBC-89C5-10CC02FF21F7}.Release|Any CPU.ActiveCfg = Release|Any CPU
		{B68BDD22-90F6-4CBC-89C5-10CC02FF21F7}.Release|Any CPU.Build.0 = Release|Any CPU
	EndGlobalSection
	GlobalSection(SolutionProperties) = preSolution
		HideSolutionNode = FALSE
	EndGlobalSection
	GlobalSection(ExtensibilityGlobals) = postSolution
		SolutionGuid = {F5197781-6AEC-4625-B08B-9114981C2890}
	EndGlobalSection
EndGlobal
